
Microsoft Visual Studio Solution File, Format Version 12.00
# Visual Studio Version 16
VisualStudioVersion = 16.0.29519.181
MinimumVisualStudioVersion = 10.0.40219.1
Project("{FAE04EC0-301F-11D3-BF4B-00C04F79EFBC}") = "SQLiteXamarin.Android", "SQLiteXamarin\SQLiteXamarin.Android\SQLiteXamarin.Android.csproj", "{B0BF235E-732E-4EC6-A2D4-B2FC9ED3A627}"
EndProject
Project("{FAE04EC0-301F-11D3-BF4B-00C04F79EFBC}") = "SQLiteXamarin.iOS", "SQLiteXamarin\SQLiteXamarin.iOS\SQLiteXamarin.iOS.csproj", "{FA65AF58-499D-4D09-B3D3-8AE985EF07E8}"
EndProject
Project("{FAE04EC0-301F-11D3-BF4B-00C04F79EFBC}") = "SQLiteXamarin", "SQLiteXamarin\SQLiteXamarin\SQLiteXamarin.csproj", "{1E9D4EB2-81AE-4EF8-8AB2-5F9FA8D60F41}"
EndProject
Global
	GlobalSection(SolutionConfigurationPlatforms) = preSolution
		Debug|Any CPU = Debug|Any CPU
		Debug|iPhone = Debug|iPhone
		Debug|iPhoneSimulator = Debug|iPhoneSimulator
		Release|Any CPU = Release|Any CPU
		Release|iPhone = Release|iPhone
		Release|iPhoneSimulator = Release|iPhoneSimulator
	EndGlobalSection
	GlobalSection(ProjectConfigurationPlatforms) = postSolution
		{B0BF235E-732E-4EC6-A2D4-B2FC9ED3A627}.Debug|Any CPU.ActiveCfg = Debug|Any CPU
		{B0BF235E-732E-4EC6-A2D4-B2FC9ED3A627}.Debug|Any CPU.Build.0 = Debug|Any CPU
		{B0BF235E-732E-4EC6-A2D4-B2FC9ED3A627}.Debug|Any CPU.Deploy.0 = Debug|Any CPU
		{B0BF235E-732E-4EC6-A2D4-B2FC9ED3A627}.Debug|iPhone.ActiveCfg = Debug|Any CPU
		{B0BF235E-732E-4EC6-A2D4-B2FC9ED3A627}.Debug|iPhone.Build.0 = Debug|Any CPU
		{B0BF235E-732E-4EC6-A2D4-B2FC9ED3A627}.Debug|iPhone.Deploy.0 = Debug|Any CPU
		{B0BF235E-732E-4EC6-A2D4-B2FC9ED3A627}.Debug|iPhoneSimulator.ActiveCfg = Debug|Any CPU
		{B0BF235E-732E-4EC6-A2D4-B2FC9ED3A627}.Debug|iPhoneSimulator.Build.0 = Debug|Any CPU
		{B0BF235E-732E-4EC6-A2D4-B2FC9ED3A627}.Debug|iPhoneSimulator.Deploy.0 = Debug|Any CPU
		{B0BF235E-732E-4EC6-A2D4-B2FC9ED3A627}.Release|Any CPU.ActiveCfg = Release|Any CPU
		{B0BF235E-732E-4EC6-A2D4-B2FC9ED3A627}.Release|Any CPU.Build.0 = Release|Any CPU
		{B0BF235E-732E-4EC6-A2D4-B2FC9ED3A627}.Release|Any CPU.Deploy.0 = Release|Any CPU
		{B0BF235E-732E-4EC6-A2D4-B2FC9ED3A627}.Release|iPhone.ActiveCfg = Release|Any CPU
		{B0BF235E-732E-4EC6-A2D4-B2FC9ED3A627}.Release|iPhone.Build.0 = Release|Any CPU
		{B0BF235E-732E-4EC6-A2D4-B2FC9ED3A627}.Release|iPhone.Deploy.0 = Release|Any CPU
		{B0BF235E-732E-4EC6-A2D4-B2FC9ED3A627}.Release|iPhoneSimulator.ActiveCfg = Release|Any CPU
		{B0BF235E-732E-4EC6-A2D4-B2FC9ED3A627}.Release|iPhoneSimulator.Build.0 = Release|Any CPU
		{B0BF235E-732E-4EC6-A2D4-B2FC9ED3A627}.Release|iPhoneSimulator.Deploy.0 = Release|Any CPU
		{FA65AF58-499D-4D09-B3D3-8AE985EF07E8}.Debug|Any CPU.ActiveCfg = Debug|iPhoneSimulator
		{FA65AF58-499D-4D09-B3D3-8AE985EF07E8}.Debug|Any CPU.Build.0 = Debug|iPhoneSimulator
		{FA65AF58-499D-4D09-B3D3-8AE985EF07E8}.Debug|Any CPU.Deploy.0 = Debug|iPhoneSimulator
		{FA65AF58-499D-4D09-B3D3-8AE985EF07E8}.Debug|iPhone.ActiveCfg = Debug|iPhone
		{FA65AF58-499D-4D09-B3D3-8AE985EF07E8}.Debug|iPhone.Build.0 = Debug|iPhone
		{FA65AF58-499D-4D09-B3D3-8AE985EF07E8}.Debug|iPhone.Deploy.0 = Debug|iPhone
		{FA65AF58-499D-4D09-B3D3-8AE985EF07E8}.Debug|iPhoneSimulator.ActiveCfg = Debug|iPhoneSimulator
		{FA65AF58-499D-4D09-B3D3-8AE985EF07E8}.Debug|iPhoneSimulator.Build.0 = Debug|iPhoneSimulator
		{FA65AF58-499D-4D09-B3D3-8AE985EF07E8}.Debug|iPhoneSimulator.Deploy.0 = Debug|iPhoneSimulator
		{FA65AF58-499D-4D09-B3D3-8AE985EF07E8}.Release|Any CPU.ActiveCfg = Release|iPhone
		{FA65AF58-499D-4D09-B3D3-8AE985EF07E8}.Release|Any CPU.Build.0 = Release|iPhone
		{FA65AF58-499D-4D09-B3D3-8AE985EF07E8}.Release|Any CPU.Deploy.0 = Release|iPhone
		{FA65AF58-499D-4D09-B3D3-8AE985EF07E8}.Release|iPhone.ActiveCfg = Release|iPhone
		{FA65AF58-499D-4D09-B3D3-8AE985EF07E8}.Release|iPhone.Build.0 = Release|iPhone
		{FA65AF58-499D-4D09-B3D3-8AE985EF07E8}.Release|iPhone.Deploy.0 = Release|iPhone
		{FA65AF58-499D-4D09-B3D3-8AE985EF07E8}.Release|iPhoneSimulator.ActiveCfg = Release|iPhoneSimulator
		{FA65AF58-499D-4D09-B3D3-8AE985EF07E8}.Release|iPhoneSimulator.Build.0 = Release|iPhoneSimulator
		{FA65AF58-499D-4D09-B3D3-8AE985EF07E8}.Release|iPhoneSimulator.Deploy.0 = Release|iPhoneSimulator
		{1E9D4EB2-81AE-4EF8-8AB2-5F9FA8D60F41}.Debug|Any CPU.ActiveCfg = Debug|Any CPU
		{1E9D4EB2-81AE-4EF8-8AB2-5F9FA8D60F41}.Debug|Any CPU.Build.0 = Debug|Any CPU
		{1E9D4EB2-81AE-4EF8-8AB2-5F9FA8D60F41}.Debug|Any CPU.Deploy.0 = Debug|Any CPU
		{1E9D4EB2-81AE-4EF8-8AB2-5F9FA8D60F41}.Debug|iPhone.ActiveCfg = Debug|Any CPU
		{1E9D4EB2-81AE-4EF8-8AB2-5F9FA8D60F41}.Debug|iPhone.Build.0 = Debug|Any CPU
		{1E9D4EB2-81AE-4EF8-8AB2-5F9FA8D60F41}.Debug|iPhone.Deploy.0 = Debug|Any CPU
		{1E9D4EB2-81AE-4EF8-8AB2-5F9FA8D60F41}.Debug|iPhoneSimulator.ActiveCfg = Debug|Any CPU
		{1E9D4EB2-81AE-4EF8-8AB2-5F9FA8D60F41}.Debug|iPhoneSimulator.Build.0 = Debug|Any CPU
		{1E9D4EB2-81AE-4EF8-8AB2-5F9FA8D60F41}.Debug|iPhoneSimulator.Deploy.0 = Debug|Any CPU
		{1E9D4EB2-81AE-4EF8-8AB2-5F9FA8D60F41}.Release|Any CPU.ActiveCfg = Release|Any CPU
		{1E9D4EB2-81AE-4EF8-8AB2-5F9FA8D60F41}.Release|Any CPU.Build.0 = Release|Any CPU
		{1E9D4EB2-81AE-4EF8-8AB2-5F9FA8D60F41}.Release|Any CPU.Deploy.0 = Release|Any CPU
		{1E9D4EB2-81AE-4EF8-8AB2-5F9FA8D60F41}.Release|iPhone.ActiveCfg = Release|Any CPU
		{1E9D4EB2-81AE-4EF8-8AB2-5F9FA8D60F41}.Release|iPhone.Build.0 = Release|Any CPU
		{1E9D4EB2-81AE-4EF8-8AB2-5F9FA8D60F41}.Release|iPhone.Deploy.0 = Release|Any CPU
		{1E9D4EB2-81AE-4EF8-8AB2-5F9FA8D60F41}.Release|iPhoneSimulator.ActiveCfg = Release|Any CPU
		{1E9D4EB2-81AE-4EF8-8AB2-5F9FA8D60F41}.Release|iPhoneSimulator.Build.0 = Release|Any CPU
		{1E9D4EB2-81AE-4EF8-8AB2-5F9FA8D60F41}.Release|iPhoneSimulator.Deploy.0 = Release|Any CPU
	EndGlobalSection
	GlobalSection(SolutionProperties) = preSolution
		HideSolutionNode = FALSE
	EndGlobalSection
	GlobalSection(ExtensibilityGlobals) = postSolution
		SolutionGuid = {700CC9E9-63A7-42E1-919D-15B69919C727}
	EndGlobalSection
EndGlobal
